
Microsoft Visual Studio Solution File, Format Version 12.00
# Visual Studio 14
VisualStudioVersion = 14.0.25420.1
MinimumVisualStudioVersion = 10.0.40219.1
Project("{8BC9CEB8-8B4A-11D0-8D11-00A0C91BC942}") = "PETool_Tang", "PETool_Tang\PETool_Tang.vcxproj", "{FBF6D1FF-7F49-4301-8495-255C3EE3C84D}"
EndProject
Project("{8BC9CEB8-8B4A-11D0-8D11-00A0C91BC942}") = "Win32Project1", "Win32Project1\Win32Project1.vcxproj", "{D299D6A7-5F62-42AC-BAF9-1BC68C463445}"
EndProject
Project("{8BC9CEB8-8B4A-11D0-8D11-00A0C91BC942}") = "Win32Project2", "Win32Project2\Win32Project2.vcxproj", "{4988B4B3-D922-4BD9-BE9C-AF44BAFD8C7C}"
EndProject
Project("{8BC9CEB8-8B4A-11D0-8D11-00A0C91BC942}") = "ConsoleApplication1", "ConsoleApplication1\ConsoleApplication1.vcxproj", "{CC0083A4-2FF0-4394-8F6D-E7BB491FAFFD}"
EndProject
Global
	GlobalSection(SolutionConfigurationPlatforms) = preSolution
		Debug|x64 = Debug|x64
		Debug|x86 = Debug|x86
		Release|x64 = Release|x64
		Release|x86 = Release|x86
	EndGlobalSection
	GlobalSection(ProjectConfigurationPlatforms) = postSolution
		{FBF6D1FF-7F49-4301-8495-255C3EE3C84D}.Debug|x64.ActiveCfg = Debug|x64
		{FBF6D1FF-7F49-4301-8495-255C3EE3C84D}.Debug|x64.Build.0 = Debug|x64
		{FBF6D1FF-7F49-4301-8495-255C3EE3C84D}.Debug|x86.ActiveCfg = Debug|Win32
		{FBF6D1FF-7F49-4301-8495-255C3EE3C84D}.Debug|x86.Build.0 = Debug|Win32
		{FBF6D1FF-7F49-4301-8495-255C3EE3C84D}.Release|x64.ActiveCfg = Release|x64
		{FBF6D1FF-7F49-4301-8495-255C3EE3C84D}.Release|x64.Build.0 = Release|x64
		{FBF6D1FF-7F49-4301-8495-255C3EE3C84D}.Release|x86.ActiveCfg = Release|Win32
		{FBF6D1FF-7F49-4301-8495-255C3EE3C84D}.Release|x86.Build.0 = Release|Win32
		{D299D6A7-5F62-42AC-BAF9-1BC68C463445}.Debug|x64.ActiveCfg = Debug|x64
		{D299D6A7-5F62-42AC-BAF9-1BC68C463445}.Debug|x64.Build.0 = Debug|x64
		{D299D6A7-5F62-42AC-BAF9-1BC68C463445}.Debug|x86.ActiveCfg = Debug|Win32
		{D299D6A7-5F62-42AC-BAF9-1BC68C463445}.Debug|x86.Build.0 = Debug|Win32
		{D299D6A7-5F62-42AC-BAF9-1BC68C463445}.Release|x64.ActiveCfg = Release|x64
		{D299D6A7-5F62-42AC-BAF9-1BC68C463445}.Release|x64.Build.0 = Release|x64
		{D299D6A7-5F62-42AC-BAF9-1BC68C463445}.Release|x86.ActiveCfg = Release|Win32
		{D299D6A7-5F62-42AC-BAF9-1BC68C463445}.Release|x86.Build.0 = Release|Win32
		{4988B4B3-D922-4BD9-BE9C-AF44BAFD8C7C}.Debug|x64.ActiveCfg = Debug|x64
		{4988B4B3-D922-4BD9-BE9C-AF44BAFD8C7C}.Debug|x64.Build.0 = Debug|x64
		{4988B4B3-D922-4BD9-BE9C-AF44BAFD8C7C}.Debug|x86.ActiveCfg = Debug|Win32
		{4988B4B3-D922-4BD9-BE9C-AF44BAFD8C7C}.Debug|x86.Build.0 = Debug|Win32
		{4988B4B3-D922-4BD9-BE9C-AF44BAFD8C7C}.Release|x64.ActiveCfg = Release|x64
		{4988B4B3-D922-4BD9-BE9C-AF44BAFD8C7C}.Release|x64.Build.0 = Release|x64
		{4988B4B3-D922-4BD9-BE9C-AF44BAFD8C7C}.Release|x86.ActiveCfg = Release|Win32
		{4988B4B3-D922-4BD9-BE9C-AF44BAFD8C7C}.Release|x86.Build.0 = Release|Win32
		{CC0083A4-2FF0-4394-8F6D-E7BB491FAFFD}.Debug|x64.ActiveCfg = Debug|x64
		{CC0083A4-2FF0-4394-8F6D-E7BB491FAFFD}.Debug|x64.Build.0 = Debug|x64
		{CC0083A4-2FF0-4394-8F6D-E7BB491FAFFD}.Debug|x86.ActiveCfg = Debug|Win32
		{CC0083A4-2FF0-4394-8F6D-E7BB491FAFFD}.Debug|x86.Build.0 = Debug|Win32
		{CC0083A4-2FF0-4394-8F6D-E7BB491FAFFD}.Release|x64.ActiveCfg = Release|x64
		{CC0083A4-2FF0-4394-8F6D-E7BB491FAFFD}.Release|x64.Build.0 = Release|x64
		{CC0083A4-2FF0-4394-8F6D-E7BB491FAFFD}.Release|x86.ActiveCfg = Release|Win32
		{CC0083A4-2FF0-4394-8F6D-E7BB491FAFFD}.Release|x86.Build.0 = Release|Win32
	EndGlobalSection
	GlobalSection(SolutionProperties) = preSolution
		HideSolutionNode = FALSE
	EndGlobalSection
EndGlobal
